
Microsoft Visual Studio Solution File, Format Version 12.00
# Visual Studio Version 16
VisualStudioVersion = 16.0.30002.166
MinimumVisualStudioVersion = 10.0.40219.1
Project("{FAE04EC0-301F-11D3-BF4B-00C04F79EFBC}") = "OfgemCalculator", "OfgemCalculator\OfgemCalculator.csproj", "{14C73691-9C3B-40AB-9E01-BB2E447A3DD2}"
EndProject
Project("{FAE04EC0-301F-11D3-BF4B-00C04F79EFBC}") = "CalculatorTests", "CalculatiorTests\CalculatorTests.csproj", "{8F28B2EB-6ABD-4E0C-A1C6-74EF8657DC4E}"
EndProject
Global
	GlobalSection(SolutionConfigurationPlatforms) = preSolution
		Debug|Any CPU = Debug|Any CPU
		Release|Any CPU = Release|Any CPU
	EndGlobalSection
	GlobalSection(ProjectConfigurationPlatforms) = postSolution
		{14C73691-9C3B-40AB-9E01-BB2E447A3DD2}.Debug|Any CPU.ActiveCfg = Debug|Any CPU
		{14C73691-9C3B-40AB-9E01-BB2E447A3DD2}.Debug|Any CPU.Build.0 = Debug|Any CPU
		{14C73691-9C3B-40AB-9E01-BB2E447A3DD2}.Release|Any CPU.ActiveCfg = Release|Any CPU
		{14C73691-9C3B-40AB-9E01-BB2E447A3DD2}.Release|Any CPU.Build.0 = Release|Any CPU
		{8F28B2EB-6ABD-4E0C-A1C6-74EF8657DC4E}.Debug|Any CPU.ActiveCfg = Debug|Any CPU
		{8F28B2EB-6ABD-4E0C-A1C6-74EF8657DC4E}.Debug|Any CPU.Build.0 = Debug|Any CPU
		{8F28B2EB-6ABD-4E0C-A1C6-74EF8657DC4E}.Release|Any CPU.ActiveCfg = Release|Any CPU
		{8F28B2EB-6ABD-4E0C-A1C6-74EF8657DC4E}.Release|Any CPU.Build.0 = Release|Any CPU
	EndGlobalSection
	GlobalSection(SolutionProperties) = preSolution
		HideSolutionNode = FALSE
	EndGlobalSection
	GlobalSection(ExtensibilityGlobals) = postSolution
		SolutionGuid = {D1AD5D16-CAE4-410E-AB47-026BE0FC8018}
	EndGlobalSection
EndGlobal
